# generated by rye
# use `rye lock` or `rye sync` to update this lockfile
#
# last locked with the following flags:
#   pre: false
#   features: []
#   all-features: false
#   with-sources: false
#   generate-hashes: false
#   universal: false

-e file:.
llvmlite==0.43.0
    # via numba
numba==0.60.0
    # via pymagnet
numpy==2.0.1
    # via numba
    # via numpy-stl
    # via pymagnet
numpy-stl==3.1.2
    # via pymagnet
python-utils==3.8.2
    # via numpy-stl
typing-extensions==4.12.2
    # via python-utils
